<?xml version="1.0" encoding="utf-8"?>
<Project ToolsVersion="4.0" xmlns="http://schemas.microsoft.com/developer/msbuild/2003">
  <ItemGroup>
    <None Include="vcpkg.json" />
  </ItemGroup>
  <ItemGroup>
    <ClCompile Include="Game.ixx" />
    <ClCompile Include="WorldGenerator.ixx" />
    <ClCompile Include="OpenKaiser.cpp" />
    <ClCompile Include="SDL3.ixx" />
    <ClCompile Include="WorldState.ixx" />
    <ClCompile Include="General.ixx" />
    <ClCompile Include="ResourceManager.ixx" />
    <ClCompile Include="MapRenderer.ixx" />
    <ClCompile Include="Menu.ixx" />
    <ClCompile Include="GameController.ixx" />
    <ClCompile Include="MainState.ixx" />
    <ClCompile Include="Config.ixx" />
    <ClCompile Include="Events.ixx" />
    <ClCompile Include="Command.ixx" />
    <ClCompile Include="Logging.ixx" />
    <ClCompile Include="UI\Controls.ixx">
      <Filter>UI</Filter>
    </ClCompile>
    <ClCompile Include="UI\Core.ixx">
      <Filter>UI</Filter>
    </ClCompile>
    <ClCompile Include="UI\GameState.ixx">
      <Filter>UI</Filter>
    </ClCompile>
    <ClCompile Include="UI\Layout.ixx">
      <Filter>UI</Filter>
    </ClCompile>
    <ClCompile Include="UI\UI.ixx">
      <Filter>UI</Filter>
    </ClCompile>
    <ClCompile Include="UI\Stacks.ixx">
      <Filter>UI</Filter>
    </ClCompile>
  </ItemGroup>
  <ItemGroup>
    <Filter Include="UI">
      <UniqueIdentifier>{3e9701ea-a490-437e-836d-aaa1ef50e61d}</UniqueIdentifier>
    </Filter>
  </ItemGroup>
</Project>